
Microsoft Visual Studio Solution File, Format Version 12.00
# Visual Studio Version 17
VisualStudioVersion = 17.7.34018.315
MinimumVisualStudioVersion = 10.0.40219.1
Project("{8BC9CEB8-8B4A-11D0-8D11-00A0C91BC942}") = "Tower Defense", "Tower Defense\Tower Defense.vcxproj", "{BAADCC85-E31D-4ACB-A364-D5F007F7967B}"
EndProject
Global
	GlobalSection(SolutionConfigurationPlatforms) = preSolution
		Debug|x64 = Debug|x64
		Debug|x86 = Debug|x86
		Release|x64 = Release|x64
		Release|x86 = Release|x86
	EndGlobalSection
	GlobalSection(ProjectConfigurationPlatforms) = postSolution
		{BAADCC85-E31D-4ACB-A364-D5F007F7967B}.Debug|x64.ActiveCfg = Debug|x64
		{BAADCC85-E31D-4ACB-A364-D5F007F7967B}.Debug|x64.Build.0 = Debug|x64
		{BAADCC85-E31D-4ACB-A364-D5F007F7967B}.Debug|x86.ActiveCfg = Debug|Win32
		{BAADCC85-E31D-4ACB-A364-D5F007F7967B}.Debug|x86.Build.0 = Debug|Win32
		{BAADCC85-E31D-4ACB-A364-D5F007F7967B}.Release|x64.ActiveCfg = Release|x64
		{BAADCC85-E31D-4ACB-A364-D5F007F7967B}.Release|x64.Build.0 = Release|x64
		{BAADCC85-E31D-4ACB-A364-D5F007F7967B}.Release|x86.ActiveCfg = Release|Win32
		{BAADCC85-E31D-4ACB-A364-D5F007F7967B}.Release|x86.Build.0 = Release|Win32
	EndGlobalSection
	GlobalSection(SolutionProperties) = preSolution
		HideSolutionNode = FALSE
	EndGlobalSection
	GlobalSection(ExtensibilityGlobals) = postSolution
		SolutionGuid = {7CBEF40A-237B-4618-B35C-DBBDE73A056A}
	EndGlobalSection
EndGlobal
